
Microsoft Visual Studio Solution File, Format Version 12.00
Project("{FAE04EC0-301F-11D3-BF4B-00C04F79EFBC}") = "Carabus.Shield", "Carabus.Shield\Carabus.Shield.csproj", "{B33DFF10-9A47-433E-9212-9E82846F793D}"
EndProject
Project("{FAE04EC0-301F-11D3-BF4B-00C04F79EFBC}") = "Carabus.LowLevel", "Carabus.LowLevel\Carabus.LowLevel.csproj", "{27CA9B42-9CC8-4606-889F-A5AE76FA9C72}"
EndProject
Project("{2150E333-8FDC-42A3-9474-1A3956D46DE8}") = "Link", "Link", "{8EDB619A-BA46-41EB-ADCC-9F123209A37F}"
EndProject
Project("{FAE04EC0-301F-11D3-BF4B-00C04F79EFBC}") = "Carabus.Link.Master.netFramework", "Carabus.Link.Master.netFramework\Carabus.Link.Master.netFramework.csproj", "{4C7D89BD-1F3C-4AE9-A06F-E73855C8386B}"
EndProject
Project("{FAE04EC0-301F-11D3-BF4B-00C04F79EFBC}") = "Carabus.Link.Slave.netFramework", "Carabus.Link.Slave.netFramework\Carabus.Link.Slave.netFramework.csproj", "{EB8FA2A7-9492-40BF-8633-569DCA852AF5}"
EndProject
Project("{2150E333-8FDC-42A3-9474-1A3956D46DE8}") = "CarabusCpp", "CarabusCpp", "{B099F6E2-AF3B-454F-A465-4ED8B104EB5D}"
EndProject
Project("{8BC9CEB8-8B4A-11D0-8D11-00A0C91BC942}") = "carabus.memlib", "carabus.memlib\carabus.memlib.vcxproj", "{B56734C1-E212-4FE8-AA4A-7E6532611330}"
EndProject
Project("{2150E333-8FDC-42A3-9474-1A3956D46DE8}") = "Tests", "Tests", "{D61A5FAD-490A-4312-A2CE-EE001AA6A4D7}"
EndProject
Project("{FAE04EC0-301F-11D3-BF4B-00C04F79EFBC}") = "Test_memlib", "Test_memlib\Test_memlib.csproj", "{1C42CD67-302F-4BC0-BB6D-24CEDFE7481B}"
EndProject
Project("{FAE04EC0-301F-11D3-BF4B-00C04F79EFBC}") = "ConsoleTest", "ConsoleTest\ConsoleTest.csproj", "{01F74DBC-E5AD-4A0F-B2CF-631760612C7A}"
EndProject
Global
	GlobalSection(SolutionConfigurationPlatforms) = preSolution
		Debug|Any CPU = Debug|Any CPU
		Release|Any CPU = Release|Any CPU
	EndGlobalSection
	GlobalSection(ProjectConfigurationPlatforms) = postSolution
		{B33DFF10-9A47-433E-9212-9E82846F793D}.Debug|Any CPU.ActiveCfg = Debug|Any CPU
		{B33DFF10-9A47-433E-9212-9E82846F793D}.Debug|Any CPU.Build.0 = Debug|Any CPU
		{B33DFF10-9A47-433E-9212-9E82846F793D}.Release|Any CPU.ActiveCfg = Release|Any CPU
		{B33DFF10-9A47-433E-9212-9E82846F793D}.Release|Any CPU.Build.0 = Release|Any CPU
		{27CA9B42-9CC8-4606-889F-A5AE76FA9C72}.Debug|Any CPU.ActiveCfg = Debug|Any CPU
		{27CA9B42-9CC8-4606-889F-A5AE76FA9C72}.Debug|Any CPU.Build.0 = Debug|Any CPU
		{27CA9B42-9CC8-4606-889F-A5AE76FA9C72}.Release|Any CPU.ActiveCfg = Release|Any CPU
		{27CA9B42-9CC8-4606-889F-A5AE76FA9C72}.Release|Any CPU.Build.0 = Release|Any CPU
		{4C7D89BD-1F3C-4AE9-A06F-E73855C8386B}.Debug|Any CPU.ActiveCfg = Debug|Any CPU
		{4C7D89BD-1F3C-4AE9-A06F-E73855C8386B}.Debug|Any CPU.Build.0 = Debug|Any CPU
		{4C7D89BD-1F3C-4AE9-A06F-E73855C8386B}.Release|Any CPU.ActiveCfg = Release|Any CPU
		{4C7D89BD-1F3C-4AE9-A06F-E73855C8386B}.Release|Any CPU.Build.0 = Release|Any CPU
		{EB8FA2A7-9492-40BF-8633-569DCA852AF5}.Debug|Any CPU.ActiveCfg = Debug|Any CPU
		{EB8FA2A7-9492-40BF-8633-569DCA852AF5}.Debug|Any CPU.Build.0 = Debug|Any CPU
		{EB8FA2A7-9492-40BF-8633-569DCA852AF5}.Release|Any CPU.ActiveCfg = Release|Any CPU
		{EB8FA2A7-9492-40BF-8633-569DCA852AF5}.Release|Any CPU.Build.0 = Release|Any CPU
		{B56734C1-E212-4FE8-AA4A-7E6532611330}.Debug|Any CPU.ActiveCfg = Debug|Win32
		{B56734C1-E212-4FE8-AA4A-7E6532611330}.Debug|Any CPU.Build.0 = Debug|Win32
		{B56734C1-E212-4FE8-AA4A-7E6532611330}.Release|Any CPU.ActiveCfg = Release|Win32
		{B56734C1-E212-4FE8-AA4A-7E6532611330}.Release|Any CPU.Build.0 = Release|Win32
		{1C42CD67-302F-4BC0-BB6D-24CEDFE7481B}.Debug|Any CPU.ActiveCfg = Debug|Any CPU
		{1C42CD67-302F-4BC0-BB6D-24CEDFE7481B}.Debug|Any CPU.Build.0 = Debug|Any CPU
		{1C42CD67-302F-4BC0-BB6D-24CEDFE7481B}.Release|Any CPU.ActiveCfg = Release|Any CPU
		{1C42CD67-302F-4BC0-BB6D-24CEDFE7481B}.Release|Any CPU.Build.0 = Release|Any CPU
		{01F74DBC-E5AD-4A0F-B2CF-631760612C7A}.Debug|Any CPU.ActiveCfg = Debug|Any CPU
		{01F74DBC-E5AD-4A0F-B2CF-631760612C7A}.Debug|Any CPU.Build.0 = Debug|Any CPU
		{01F74DBC-E5AD-4A0F-B2CF-631760612C7A}.Release|Any CPU.ActiveCfg = Release|Any CPU
		{01F74DBC-E5AD-4A0F-B2CF-631760612C7A}.Release|Any CPU.Build.0 = Release|Any CPU
	EndGlobalSection
	GlobalSection(NestedProjects) = preSolution
		{4C7D89BD-1F3C-4AE9-A06F-E73855C8386B} = {8EDB619A-BA46-41EB-ADCC-9F123209A37F}
		{EB8FA2A7-9492-40BF-8633-569DCA852AF5} = {8EDB619A-BA46-41EB-ADCC-9F123209A37F}
		{B56734C1-E212-4FE8-AA4A-7E6532611330} = {B099F6E2-AF3B-454F-A465-4ED8B104EB5D}
		{1C42CD67-302F-4BC0-BB6D-24CEDFE7481B} = {D61A5FAD-490A-4312-A2CE-EE001AA6A4D7}
		{01F74DBC-E5AD-4A0F-B2CF-631760612C7A} = {D61A5FAD-490A-4312-A2CE-EE001AA6A4D7}
	EndGlobalSection
EndGlobal
